
Microsoft Visual Studio Solution File, Format Version 12.00
# Visual Studio Version 17
VisualStudioVersion = 17.7.34031.279
MinimumVisualStudioVersion = 10.0.40219.1
Project("{FAE04EC0-301F-11D3-BF4B-00C04F79EFBC}") = "customerDemoWebApi", "customerDemoWebApi.csproj", "{83156C72-2447-40A0-AE74-AD7E94E65E12}"
EndProject
Global
	GlobalSection(SolutionConfigurationPlatforms) = preSolution
		Debug|Any CPU = Debug|Any CPU
		Release|Any CPU = Release|Any CPU
	EndGlobalSection
	GlobalSection(ProjectConfigurationPlatforms) = postSolution
		{83156C72-2447-40A0-AE74-AD7E94E65E12}.Debug|Any CPU.ActiveCfg = Debug|Any CPU
		{83156C72-2447-40A0-AE74-AD7E94E65E12}.Debug|Any CPU.Build.0 = Debug|Any CPU
		{83156C72-2447-40A0-AE74-AD7E94E65E12}.Release|Any CPU.ActiveCfg = Release|Any CPU
		{83156C72-2447-40A0-AE74-AD7E94E65E12}.Release|Any CPU.Build.0 = Release|Any CPU
	EndGlobalSection
	GlobalSection(SolutionProperties) = preSolution
		HideSolutionNode = FALSE
	EndGlobalSection
	GlobalSection(ExtensibilityGlobals) = postSolution
		SolutionGuid = {DC493F29-2D73-482F-8752-6C983D085444}
	EndGlobalSection
EndGlobal
